
Microsoft Visual Studio Solution File, Format Version 12.00
# Visual Studio 15
VisualStudioVersion = 15.0.28307.705
MinimumVisualStudioVersion = 10.0.40219.1
Project("{FAE04EC0-301F-11D3-BF4B-00C04F79EFBC}") = "Github Test1", "Github Test1\Github Test1.csproj", "{9AC0BAB9-A7CC-4B57-A9E4-684D921031D4}"
EndProject
Global
	GlobalSection(SolutionConfigurationPlatforms) = preSolution
		Debug|Any CPU = Debug|Any CPU
		Release|Any CPU = Release|Any CPU
	EndGlobalSection
	GlobalSection(ProjectConfigurationPlatforms) = postSolution
		{9AC0BAB9-A7CC-4B57-A9E4-684D921031D4}.Debug|Any CPU.ActiveCfg = Debug|Any CPU
		{9AC0BAB9-A7CC-4B57-A9E4-684D921031D4}.Debug|Any CPU.Build.0 = Debug|Any CPU
		{9AC0BAB9-A7CC-4B57-A9E4-684D921031D4}.Release|Any CPU.ActiveCfg = Release|Any CPU
		{9AC0BAB9-A7CC-4B57-A9E4-684D921031D4}.Release|Any CPU.Build.0 = Release|Any CPU
	EndGlobalSection
	GlobalSection(SolutionProperties) = preSolution
		HideSolutionNode = FALSE
	EndGlobalSection
	GlobalSection(ExtensibilityGlobals) = postSolution
		SolutionGuid = {C81EE4B2-4608-4C63-8BC0-B3B1CC5C4A86}
	EndGlobalSection
EndGlobal
